
Microsoft Visual Studio Solution File, Format Version 12.00
# Visual Studio 15
VisualStudioVersion = 15.0.26403.7
MinimumVisualStudioVersion = 10.0.40219.1
Project("{FAE04EC0-301F-11D3-BF4B-00C04F79EFBC}") = "MVIZadanie2XForms.Android", "MVIZadanie2XForms\MVIZadanie2XForms.Android\MVIZadanie2XForms.Android.csproj", "{17F13E3A-1C25-4308-87DF-D4AA37DAA9C3}"
EndProject
Project("{FAE04EC0-301F-11D3-BF4B-00C04F79EFBC}") = "MVIZadanie2XForms", "MVIZadanie2XForms\MVIZadanie2XForms\MVIZadanie2XForms.csproj", "{37976C67-74E8-4A08-974B-C7F997BCEEFF}"
EndProject
Project("{FAE04EC0-301F-11D3-BF4B-00C04F79EFBC}") = "MVIZadanie2XForms.UWP", "MVIZadanie2XForms\MVIZadanie2XForms.UWP\MVIZadanie2XForms.UWP.csproj", "{32BCF611-AF8A-4BB4-B857-B5F3D747DFAD}"
EndProject
Project("{FAE04EC0-301F-11D3-BF4B-00C04F79EFBC}") = "MVIZadanie2XForms.iOS", "MVIZadanie2XForms\MVIZadanie2XForms.iOS\MVIZadanie2XForms.iOS.csproj", "{0B1F7DF5-AA1F-483B-9627-C27AF63DA52A}"
EndProject
Global
	GlobalSection(SolutionConfigurationPlatforms) = preSolution
		Ad-Hoc|Any CPU = Ad-Hoc|Any CPU
		Ad-Hoc|ARM = Ad-Hoc|ARM
		Ad-Hoc|iPhone = Ad-Hoc|iPhone
		Ad-Hoc|iPhoneSimulator = Ad-Hoc|iPhoneSimulator
		Ad-Hoc|x64 = Ad-Hoc|x64
		Ad-Hoc|x86 = Ad-Hoc|x86
		AppStore|Any CPU = AppStore|Any CPU
		AppStore|ARM = AppStore|ARM
		AppStore|iPhone = AppStore|iPhone
		AppStore|iPhoneSimulator = AppStore|iPhoneSimulator
		AppStore|x64 = AppStore|x64
		AppStore|x86 = AppStore|x86
		Debug|Any CPU = Debug|Any CPU
		Debug|ARM = Debug|ARM
		Debug|iPhone = Debug|iPhone
		Debug|iPhoneSimulator = Debug|iPhoneSimulator
		Debug|x64 = Debug|x64
		Debug|x86 = Debug|x86
		Release|Any CPU = Release|Any CPU
		Release|ARM = Release|ARM
		Release|iPhone = Release|iPhone
		Release|iPhoneSimulator = Release|iPhoneSimulator
		Release|x64 = Release|x64
		Release|x86 = Release|x86
	EndGlobalSection
	GlobalSection(ProjectConfigurationPlatforms) = postSolution
		{17F13E3A-1C25-4308-87DF-D4AA37DAA9C3}.Ad-Hoc|Any CPU.ActiveCfg = Release|Any CPU
		{17F13E3A-1C25-4308-87DF-D4AA37DAA9C3}.Ad-Hoc|Any CPU.Build.0 = Release|Any CPU
		{17F13E3A-1C25-4308-87DF-D4AA37DAA9C3}.Ad-Hoc|Any CPU.Deploy.0 = Release|Any CPU
		{17F13E3A-1C25-4308-87DF-D4AA37DAA9C3}.Ad-Hoc|ARM.ActiveCfg = Release|Any CPU
		{17F13E3A-1C25-4308-87DF-D4AA37DAA9C3}.Ad-Hoc|ARM.Build.0 = Release|Any CPU
		{17F13E3A-1C25-4308-87DF-D4AA37DAA9C3}.Ad-Hoc|ARM.Deploy.0 = Release|Any CPU
		{17F13E3A-1C25-4308-87DF-D4AA37DAA9C3}.Ad-Hoc|iPhone.ActiveCfg = Release|Any CPU
		{17F13E3A-1C25-4308-87DF-D4AA37DAA9C3}.Ad-Hoc|iPhone.Build.0 = Release|Any CPU
		{17F13E3A-1C25-4308-87DF-D4AA37DAA9C3}.Ad-Hoc|iPhone.Deploy.0 = Release|Any CPU
		{17F13E3A-1C25-4308-87DF-D4AA37DAA9C3}.Ad-Hoc|iPhoneSimulator.ActiveCfg = Release|Any CPU
		{17F13E3A-1C25-4308-87DF-D4AA37DAA9C3}.Ad-Hoc|iPhoneSimulator.Build.0 = Release|Any CPU
		{17F13E3A-1C25-4308-87DF-D4AA37DAA9C3}.Ad-Hoc|iPhoneSimulator.Deploy.0 = Release|Any CPU
		{17F13E3A-1C25-4308-87DF-D4AA37DAA9C3}.Ad-Hoc|x64.ActiveCfg = Release|Any CPU
		{17F13E3A-1C25-4308-87DF-D4AA37DAA9C3}.Ad-Hoc|x64.Build.0 = Release|Any CPU
		{17F13E3A-1C25-4308-87DF-D4AA37DAA9C3}.Ad-Hoc|x64.Deploy.0 = Release|Any CPU
		{17F13E3A-1C25-4308-87DF-D4AA37DAA9C3}.Ad-Hoc|x86.ActiveCfg = Release|Any CPU
		{17F13E3A-1C25-4308-87DF-D4AA37DAA9C3}.Ad-Hoc|x86.Build.0 = Release|Any CPU
		{17F13E3A-1C25-4308-87DF-D4AA37DAA9C3}.Ad-Hoc|x86.Deploy.0 = Release|Any CPU
		{17F13E3A-1C25-4308-87DF-D4AA37DAA9C3}.AppStore|Any CPU.ActiveCfg = Release|Any CPU
		{17F13E3A-1C25-4308-87DF-D4AA37DAA9C3}.AppStore|Any CPU.Build.0 = Release|Any CPU
		{17F13E3A-1C25-4308-87DF-D4AA37DAA9C3}.AppStore|Any CPU.Deploy.0 = Release|Any CPU
		{17F13E3A-1C25-4308-87DF-D4AA37DAA9C3}.AppStore|ARM.ActiveCfg = Release|Any CPU
		{17F13E3A-1C25-4308-87DF-D4AA37DAA9C3}.AppStore|ARM.Build.0 = Release|Any CPU
		{17F13E3A-1C25-4308-87DF-D4AA37DAA9C3}.AppStore|ARM.Deploy.0 = Release|Any CPU
		{17F13E3A-1C25-4308-87DF-D4AA37DAA9C3}.AppStore|iPhone.ActiveCfg = Release|Any CPU
		{17F13E3A-1C25-4308-87DF-D4AA37DAA9C3}.AppStore|iPhone.Build.0 = Release|Any CPU
		{17F13E3A-1C25-4308-87DF-D4AA37DAA9C3}.AppStore|iPhone.Deploy.0 = Release|Any CPU
		{17F13E3A-1C25-4308-87DF-D4AA37DAA9C3}.AppStore|iPhoneSimulator.ActiveCfg = Release|Any CPU
		{17F13E3A-1C25-4308-87DF-D4AA37DAA9C3}.AppStore|iPhoneSimulator.Build.0 = Release|Any CPU
		{17F13E3A-1C25-4308-87DF-D4AA37DAA9C3}.AppStore|iPhoneSimulator.Deploy.0 = Release|Any CPU
		{17F13E3A-1C25-4308-87DF-D4AA37DAA9C3}.AppStore|x64.ActiveCfg = Release|Any CPU
		{17F13E3A-1C25-4308-87DF-D4AA37DAA9C3}.AppStore|x64.Build.0 = Release|Any CPU
		{17F13E3A-1C25-4308-87DF-D4AA37DAA9C3}.AppStore|x64.Deploy.0 = Release|Any CPU
		{17F13E3A-1C25-4308-87DF-D4AA37DAA9C3}.AppStore|x86.ActiveCfg = Release|Any CPU
		{17F13E3A-1C25-4308-87DF-D4AA37DAA9C3}.AppStore|x86.Build.0 = Release|Any CPU
		{17F13E3A-1C25-4308-87DF-D4AA37DAA9C3}.AppStore|x86.Deploy.0 = Release|Any CPU
		{17F13E3A-1C25-4308-87DF-D4AA37DAA9C3}.Debug|Any CPU.ActiveCfg = Debug|Any CPU
		{17F13E3A-1C25-4308-87DF-D4AA37DAA9C3}.Debug|Any CPU.Build.0 = Debug|Any CPU
		{17F13E3A-1C25-4308-87DF-D4AA37DAA9C3}.Debug|Any CPU.Deploy.0 = Debug|Any CPU
		{17F13E3A-1C25-4308-87DF-D4AA37DAA9C3}.Debug|ARM.ActiveCfg = Debug|Any CPU
		{17F13E3A-1C25-4308-87DF-D4AA37DAA9C3}.Debug|ARM.Build.0 = Debug|Any CPU
		{17F13E3A-1C25-4308-87DF-D4AA37DAA9C3}.Debug|ARM.Deploy.0 = Debug|Any CPU
		{17F13E3A-1C25-4308-87DF-D4AA37DAA9C3}.Debug|iPhone.ActiveCfg = Debug|Any CPU
		{17F13E3A-1C25-4308-87DF-D4AA37DAA9C3}.Debug|iPhone.Build.0 = Debug|Any CPU
		{17F13E3A-1C25-4308-87DF-D4AA37DAA9C3}.Debug|iPhone.Deploy.0 = Debug|Any CPU
		{17F13E3A-1C25-4308-87DF-D4AA37DAA9C3}.Debug|iPhoneSimulator.ActiveCfg = Debug|Any CPU
		{17F13E3A-1C25-4308-87DF-D4AA37DAA9C3}.Debug|iPhoneSimulator.Build.0 = Debug|Any CPU
		{17F13E3A-1C25-4308-87DF-D4AA37DAA9C3}.Debug|iPhoneSimulator.Deploy.0 = Debug|Any CPU
		{17F13E3A-1C25-4308-87DF-D4AA37DAA9C3}.Debug|x64.ActiveCfg = Debug|Any CPU
		{17F13E3A-1C25-4308-87DF-D4AA37DAA9C3}.Debug|x64.Build.0 = Debug|Any CPU
		{17F13E3A-1C25-4308-87DF-D4AA37DAA9C3}.Debug|x64.Deploy.0 = Debug|Any CPU
		{17F13E3A-1C25-4308-87DF-D4AA37DAA9C3}.Debug|x86.ActiveCfg = Debug|Any CPU
		{17F13E3A-1C25-4308-87DF-D4AA37DAA9C3}.Debug|x86.Build.0 = Debug|Any CPU
		{17F13E3A-1C25-4308-87DF-D4AA37DAA9C3}.Debug|x86.Deploy.0 = Debug|Any CPU
		{17F13E3A-1C25-4308-87DF-D4AA37DAA9C3}.Release|Any CPU.ActiveCfg = Release|Any CPU
		{17F13E3A-1C25-4308-87DF-D4AA37DAA9C3}.Release|Any CPU.Build.0 = Release|Any CPU
		{17F13E3A-1C25-4308-87DF-D4AA37DAA9C3}.Release|Any CPU.Deploy.0 = Release|Any CPU
		{17F13E3A-1C25-4308-87DF-D4AA37DAA9C3}.Release|ARM.ActiveCfg = Release|Any CPU
		{17F13E3A-1C25-4308-87DF-D4AA37DAA9C3}.Release|ARM.Build.0 = Release|Any CPU
		{17F13E3A-1C25-4308-87DF-D4AA37DAA9C3}.Release|ARM.Deploy.0 = Release|Any CPU
		{17F13E3A-1C25-4308-87DF-D4AA37DAA9C3}.Release|iPhone.ActiveCfg = Release|Any CPU
		{17F13E3A-1C25-4308-87DF-D4AA37DAA9C3}.Release|iPhone.Build.0 = Release|Any CPU
		{17F13E3A-1C25-4308-87DF-D4AA37DAA9C3}.Release|iPhone.Deploy.0 = Release|Any CPU
		{17F13E3A-1C25-4308-87DF-D4AA37DAA9C3}.Release|iPhoneSimulator.ActiveCfg = Release|Any CPU
		{17F13E3A-1C25-4308-87DF-D4AA37DAA9C3}.Release|iPhoneSimulator.Build.0 = Release|Any CPU
		{17F13E3A-1C25-4308-87DF-D4AA37DAA9C3}.Release|iPhoneSimulator.Deploy.0 = Release|Any CPU
		{17F13E3A-1C25-4308-87DF-D4AA37DAA9C3}.Release|x64.ActiveCfg = Release|Any CPU
		{17F13E3A-1C25-4308-87DF-D4AA37DAA9C3}.Release|x64.Build.0 = Release|Any CPU
		{17F13E3A-1C25-4308-87DF-D4AA37DAA9C3}.Release|x64.Deploy.0 = Release|Any CPU
		{17F13E3A-1C25-4308-87DF-D4AA37DAA9C3}.Release|x86.ActiveCfg = Release|Any CPU
		{17F13E3A-1C25-4308-87DF-D4AA37DAA9C3}.Release|x86.Build.0 = Release|Any CPU
		{17F13E3A-1C25-4308-87DF-D4AA37DAA9C3}.Release|x86.Deploy.0 = Release|Any CPU
		{37976C67-74E8-4A08-974B-C7F997BCEEFF}.Ad-Hoc|Any CPU.ActiveCfg = Release|Any CPU
		{37976C67-74E8-4A08-974B-C7F997BCEEFF}.Ad-Hoc|Any CPU.Build.0 = Release|Any CPU
		{37976C67-74E8-4A08-974B-C7F997BCEEFF}.Ad-Hoc|ARM.ActiveCfg = Release|Any CPU
		{37976C67-74E8-4A08-974B-C7F997BCEEFF}.Ad-Hoc|ARM.Build.0 = Release|Any CPU
		{37976C67-74E8-4A08-974B-C7F997BCEEFF}.Ad-Hoc|iPhone.ActiveCfg = Release|Any CPU
		{37976C67-74E8-4A08-974B-C7F997BCEEFF}.Ad-Hoc|iPhone.Build.0 = Release|Any CPU
		{37976C67-74E8-4A08-974B-C7F997BCEEFF}.Ad-Hoc|iPhoneSimulator.ActiveCfg = Release|Any CPU
		{37976C67-74E8-4A08-974B-C7F997BCEEFF}.Ad-Hoc|iPhoneSimulator.Build.0 = Release|Any CPU
		{37976C67-74E8-4A08-974B-C7F997BCEEFF}.Ad-Hoc|x64.ActiveCfg = Release|Any CPU
		{37976C67-74E8-4A08-974B-C7F997BCEEFF}.Ad-Hoc|x64.Build.0 = Release|Any CPU
		{37976C67-74E8-4A08-974B-C7F997BCEEFF}.Ad-Hoc|x86.ActiveCfg = Release|Any CPU
		{37976C67-74E8-4A08-974B-C7F997BCEEFF}.Ad-Hoc|x86.Build.0 = Release|Any CPU
		{37976C67-74E8-4A08-974B-C7F997BCEEFF}.AppStore|Any CPU.ActiveCfg = Release|Any CPU
		{37976C67-74E8-4A08-974B-C7F997BCEEFF}.AppStore|Any CPU.Build.0 = Release|Any CPU
		{37976C67-74E8-4A08-974B-C7F997BCEEFF}.AppStore|ARM.ActiveCfg = Release|Any CPU
		{37976C67-74E8-4A08-974B-C7F997BCEEFF}.AppStore|ARM.Build.0 = Release|Any CPU
		{37976C67-74E8-4A08-974B-C7F997BCEEFF}.AppStore|iPhone.ActiveCfg = Release|Any CPU
		{37976C67-74E8-4A08-974B-C7F997BCEEFF}.AppStore|iPhone.Build.0 = Release|Any CPU
		{37976C67-74E8-4A08-974B-C7F997BCEEFF}.AppStore|iPhoneSimulator.ActiveCfg = Release|Any CPU
		{37976C67-74E8-4A08-974B-C7F997BCEEFF}.AppStore|iPhoneSimulator.Build.0 = Release|Any CPU
		{37976C67-74E8-4A08-974B-C7F997BCEEFF}.AppStore|x64.ActiveCfg = Release|Any CPU
		{37976C67-74E8-4A08-974B-C7F997BCEEFF}.AppStore|x64.Build.0 = Release|Any CPU
		{37976C67-74E8-4A08-974B-C7F997BCEEFF}.AppStore|x86.ActiveCfg = Release|Any CPU
		{37976C67-74E8-4A08-974B-C7F997BCEEFF}.AppStore|x86.Build.0 = Release|Any CPU
		{37976C67-74E8-4A08-974B-C7F997BCEEFF}.Debug|Any CPU.ActiveCfg = Debug|Any CPU
		{37976C67-74E8-4A08-974B-C7F997BCEEFF}.Debug|Any CPU.Build.0 = Debug|Any CPU
		{37976C67-74E8-4A08-974B-C7F997BCEEFF}.Debug|ARM.ActiveCfg = Debug|Any CPU
		{37976C67-74E8-4A08-974B-C7F997BCEEFF}.Debug|ARM.Build.0 = Debug|Any CPU
		{37976C67-74E8-4A08-974B-C7F997BCEEFF}.Debug|iPhone.ActiveCfg = Debug|Any CPU
		{37976C67-74E8-4A08-974B-C7F997BCEEFF}.Debug|iPhone.Build.0 = Debug|Any CPU
		{37976C67-74E8-4A08-974B-C7F997BCEEFF}.Debug|iPhoneSimulator.ActiveCfg = Debug|Any CPU
		{37976C67-74E8-4A08-974B-C7F997BCEEFF}.Debug|iPhoneSimulator.Build.0 = Debug|Any CPU
		{37976C67-74E8-4A08-974B-C7F997BCEEFF}.Debug|x64.ActiveCfg = Debug|Any CPU
		{37976C67-74E8-4A08-974B-C7F997BCEEFF}.Debug|x64.Build.0 = Debug|Any CPU
		{37976C67-74E8-4A08-974B-C7F997BCEEFF}.Debug|x86.ActiveCfg = Debug|Any CPU
		{37976C67-74E8-4A08-974B-C7F997BCEEFF}.Debug|x86.Build.0 = Debug|Any CPU
		{37976C67-74E8-4A08-974B-C7F997BCEEFF}.Release|Any CPU.ActiveCfg = Release|Any CPU
		{37976C67-74E8-4A08-974B-C7F997BCEEFF}.Release|Any CPU.Build.0 = Release|Any CPU
		{37976C67-74E8-4A08-974B-C7F997BCEEFF}.Release|ARM.ActiveCfg = Release|Any CPU
		{37976C67-74E8-4A08-974B-C7F997BCEEFF}.Release|ARM.Build.0 = Release|Any CPU
		{37976C67-74E8-4A08-974B-C7F997BCEEFF}.Release|iPhone.ActiveCfg = Release|Any CPU
		{37976C67-74E8-4A08-974B-C7F997BCEEFF}.Release|iPhone.Build.0 = Release|Any CPU
		{37976C67-74E8-4A08-974B-C7F997BCEEFF}.Release|iPhoneSimulator.ActiveCfg = Release|Any CPU
		{37976C67-74E8-4A08-974B-C7F997BCEEFF}.Release|iPhoneSimulator.Build.0 = Release|Any CPU
		{37976C67-74E8-4A08-974B-C7F997BCEEFF}.Release|x64.ActiveCfg = Release|Any CPU
		{37976C67-74E8-4A08-974B-C7F997BCEEFF}.Release|x64.Build.0 = Release|Any CPU
		{37976C67-74E8-4A08-974B-C7F997BCEEFF}.Release|x86.ActiveCfg = Release|Any CPU
		{37976C67-74E8-4A08-974B-C7F997BCEEFF}.Release|x86.Build.0 = Release|Any CPU
		{32BCF611-AF8A-4BB4-B857-B5F3D747DFAD}.Ad-Hoc|Any CPU.ActiveCfg = Release|x86
		{32BCF611-AF8A-4BB4-B857-B5F3D747DFAD}.Ad-Hoc|Any CPU.Build.0 = Release|x86
		{32BCF611-AF8A-4BB4-B857-B5F3D747DFAD}.Ad-Hoc|Any CPU.Deploy.0 = Release|x86
		{32BCF611-AF8A-4BB4-B857-B5F3D747DFAD}.Ad-Hoc|ARM.ActiveCfg = Release|ARM
		{32BCF611-AF8A-4BB4-B857-B5F3D747DFAD}.Ad-Hoc|ARM.Build.0 = Release|ARM
		{32BCF611-AF8A-4BB4-B857-B5F3D747DFAD}.Ad-Hoc|ARM.Deploy.0 = Release|ARM
		{32BCF611-AF8A-4BB4-B857-B5F3D747DFAD}.Ad-Hoc|iPhone.ActiveCfg = Release|x86
		{32BCF611-AF8A-4BB4-B857-B5F3D747DFAD}.Ad-Hoc|iPhone.Build.0 = Release|x86
		{32BCF611-AF8A-4BB4-B857-B5F3D747DFAD}.Ad-Hoc|iPhone.Deploy.0 = Release|x86
		{32BCF611-AF8A-4BB4-B857-B5F3D747DFAD}.Ad-Hoc|iPhoneSimulator.ActiveCfg = Release|x86
		{32BCF611-AF8A-4BB4-B857-B5F3D747DFAD}.Ad-Hoc|iPhoneSimulator.Build.0 = Release|x86
		{32BCF611-AF8A-4BB4-B857-B5F3D747DFAD}.Ad-Hoc|iPhoneSimulator.Deploy.0 = Release|x86
		{32BCF611-AF8A-4BB4-B857-B5F3D747DFAD}.Ad-Hoc|x64.ActiveCfg = Release|x64
		{32BCF611-AF8A-4BB4-B857-B5F3D747DFAD}.Ad-Hoc|x64.Build.0 = Release|x64
		{32BCF611-AF8A-4BB4-B857-B5F3D747DFAD}.Ad-Hoc|x64.Deploy.0 = Release|x64
		{32BCF611-AF8A-4BB4-B857-B5F3D747DFAD}.Ad-Hoc|x86.ActiveCfg = Release|x86
		{32BCF611-AF8A-4BB4-B857-B5F3D747DFAD}.Ad-Hoc|x86.Build.0 = Release|x86
		{32BCF611-AF8A-4BB4-B857-B5F3D747DFAD}.Ad-Hoc|x86.Deploy.0 = Release|x86
		{32BCF611-AF8A-4BB4-B857-B5F3D747DFAD}.AppStore|Any CPU.ActiveCfg = Release|x86
		{32BCF611-AF8A-4BB4-B857-B5F3D747DFAD}.AppStore|Any CPU.Build.0 = Release|x86
		{32BCF611-AF8A-4BB4-B857-B5F3D747DFAD}.AppStore|Any CPU.Deploy.0 = Release|x86
		{32BCF611-AF8A-4BB4-B857-B5F3D747DFAD}.AppStore|ARM.ActiveCfg = Release|ARM
		{32BCF611-AF8A-4BB4-B857-B5F3D747DFAD}.AppStore|ARM.Build.0 = Release|ARM
		{32BCF611-AF8A-4BB4-B857-B5F3D747DFAD}.AppStore|ARM.Deploy.0 = Release|ARM
		{32BCF611-AF8A-4BB4-B857-B5F3D747DFAD}.AppStore|iPhone.ActiveCfg = Release|x86
		{32BCF611-AF8A-4BB4-B857-B5F3D747DFAD}.AppStore|iPhone.Build.0 = Release|x86
		{32BCF611-AF8A-4BB4-B857-B5F3D747DFAD}.AppStore|iPhone.Deploy.0 = Release|x86
		{32BCF611-AF8A-4BB4-B857-B5F3D747DFAD}.AppStore|iPhoneSimulator.ActiveCfg = Release|x86
		{32BCF611-AF8A-4BB4-B857-B5F3D747DFAD}.AppStore|iPhoneSimulator.Build.0 = Release|x86
		{32BCF611-AF8A-4BB4-B857-B5F3D747DFAD}.AppStore|iPhoneSimulator.Deploy.0 = Release|x86
		{32BCF611-AF8A-4BB4-B857-B5F3D747DFAD}.AppStore|x64.ActiveCfg = Release|x64
		{32BCF611-AF8A-4BB4-B857-B5F3D747DFAD}.AppStore|x64.Build.0 = Release|x64
		{32BCF611-AF8A-4BB4-B857-B5F3D747DFAD}.AppStore|x64.Deploy.0 = Release|x64
		{32BCF611-AF8A-4BB4-B857-B5F3D747DFAD}.AppStore|x86.ActiveCfg = Release|x86
		{32BCF611-AF8A-4BB4-B857-B5F3D747DFAD}.AppStore|x86.Build.0 = Release|x86
		{32BCF611-AF8A-4BB4-B857-B5F3D747DFAD}.AppStore|x86.Deploy.0 = Release|x86
		{32BCF611-AF8A-4BB4-B857-B5F3D747DFAD}.Debug|Any CPU.ActiveCfg = Debug|x86
		{32BCF611-AF8A-4BB4-B857-B5F3D747DFAD}.Debug|Any CPU.Build.0 = Debug|x86
		{32BCF611-AF8A-4BB4-B857-B5F3D747DFAD}.Debug|Any CPU.Deploy.0 = Debug|x86
		{32BCF611-AF8A-4BB4-B857-B5F3D747DFAD}.Debug|ARM.ActiveCfg = Debug|ARM
		{32BCF611-AF8A-4BB4-B857-B5F3D747DFAD}.Debug|ARM.Build.0 = Debug|ARM
		{32BCF611-AF8A-4BB4-B857-B5F3D747DFAD}.Debug|ARM.Deploy.0 = Debug|ARM
		{32BCF611-AF8A-4BB4-B857-B5F3D747DFAD}.Debug|iPhone.ActiveCfg = Debug|x86
		{32BCF611-AF8A-4BB4-B857-B5F3D747DFAD}.Debug|iPhoneSimulator.ActiveCfg = Debug|x86
		{32BCF611-AF8A-4BB4-B857-B5F3D747DFAD}.Debug|x64.ActiveCfg = Debug|x64
		{32BCF611-AF8A-4BB4-B857-B5F3D747DFAD}.Debug|x64.Build.0 = Debug|x64
		{32BCF611-AF8A-4BB4-B857-B5F3D747DFAD}.Debug|x64.Deploy.0 = Debug|x64
		{32BCF611-AF8A-4BB4-B857-B5F3D747DFAD}.Debug|x86.ActiveCfg = Debug|x86
		{32BCF611-AF8A-4BB4-B857-B5F3D747DFAD}.Debug|x86.Build.0 = Debug|x86
		{32BCF611-AF8A-4BB4-B857-B5F3D747DFAD}.Debug|x86.Deploy.0 = Debug|x86
		{32BCF611-AF8A-4BB4-B857-B5F3D747DFAD}.Release|Any CPU.ActiveCfg = Release|x86
		{32BCF611-AF8A-4BB4-B857-B5F3D747DFAD}.Release|ARM.ActiveCfg = Release|ARM
		{32BCF611-AF8A-4BB4-B857-B5F3D747DFAD}.Release|ARM.Build.0 = Release|ARM
		{32BCF611-AF8A-4BB4-B857-B5F3D747DFAD}.Release|ARM.Deploy.0 = Release|ARM
		{32BCF611-AF8A-4BB4-B857-B5F3D747DFAD}.Release|iPhone.ActiveCfg = Release|x86
		{32BCF611-AF8A-4BB4-B857-B5F3D747DFAD}.Release|iPhoneSimulator.ActiveCfg = Release|x86
		{32BCF611-AF8A-4BB4-B857-B5F3D747DFAD}.Release|x64.ActiveCfg = Release|x64
		{32BCF611-AF8A-4BB4-B857-B5F3D747DFAD}.Release|x64.Build.0 = Release|x64
		{32BCF611-AF8A-4BB4-B857-B5F3D747DFAD}.Release|x64.Deploy.0 = Release|x64
		{32BCF611-AF8A-4BB4-B857-B5F3D747DFAD}.Release|x86.ActiveCfg = Release|x86
		{32BCF611-AF8A-4BB4-B857-B5F3D747DFAD}.Release|x86.Build.0 = Release|x86
		{32BCF611-AF8A-4BB4-B857-B5F3D747DFAD}.Release|x86.Deploy.0 = Release|x86
		{0B1F7DF5-AA1F-483B-9627-C27AF63DA52A}.Ad-Hoc|Any CPU.ActiveCfg = Ad-Hoc|iPhone
		{0B1F7DF5-AA1F-483B-9627-C27AF63DA52A}.Ad-Hoc|ARM.ActiveCfg = Ad-Hoc|iPhone
		{0B1F7DF5-AA1F-483B-9627-C27AF63DA52A}.Ad-Hoc|iPhone.ActiveCfg = Ad-Hoc|iPhone
		{0B1F7DF5-AA1F-483B-9627-C27AF63DA52A}.Ad-Hoc|iPhone.Build.0 = Ad-Hoc|iPhone
		{0B1F7DF5-AA1F-483B-9627-C27AF63DA52A}.Ad-Hoc|iPhoneSimulator.ActiveCfg = Ad-Hoc|iPhoneSimulator
		{0B1F7DF5-AA1F-483B-9627-C27AF63DA52A}.Ad-Hoc|iPhoneSimulator.Build.0 = Ad-Hoc|iPhoneSimulator
		{0B1F7DF5-AA1F-483B-9627-C27AF63DA52A}.Ad-Hoc|x64.ActiveCfg = Ad-Hoc|iPhone
		{0B1F7DF5-AA1F-483B-9627-C27AF63DA52A}.Ad-Hoc|x86.ActiveCfg = Ad-Hoc|iPhone
		{0B1F7DF5-AA1F-483B-9627-C27AF63DA52A}.AppStore|Any CPU.ActiveCfg = AppStore|iPhone
		{0B1F7DF5-AA1F-483B-9627-C27AF63DA52A}.AppStore|ARM.ActiveCfg = AppStore|iPhone
		{0B1F7DF5-AA1F-483B-9627-C27AF63DA52A}.AppStore|iPhone.ActiveCfg = AppStore|iPhone
		{0B1F7DF5-AA1F-483B-9627-C27AF63DA52A}.AppStore|iPhone.Build.0 = AppStore|iPhone
		{0B1F7DF5-AA1F-483B-9627-C27AF63DA52A}.AppStore|iPhoneSimulator.ActiveCfg = AppStore|iPhoneSimulator
		{0B1F7DF5-AA1F-483B-9627-C27AF63DA52A}.AppStore|iPhoneSimulator.Build.0 = AppStore|iPhoneSimulator
		{0B1F7DF5-AA1F-483B-9627-C27AF63DA52A}.AppStore|x64.ActiveCfg = AppStore|iPhone
		{0B1F7DF5-AA1F-483B-9627-C27AF63DA52A}.AppStore|x86.ActiveCfg = AppStore|iPhone
		{0B1F7DF5-AA1F-483B-9627-C27AF63DA52A}.Debug|Any CPU.ActiveCfg = Debug|iPhone
		{0B1F7DF5-AA1F-483B-9627-C27AF63DA52A}.Debug|ARM.ActiveCfg = Debug|iPhone
		{0B1F7DF5-AA1F-483B-9627-C27AF63DA52A}.Debug|iPhone.ActiveCfg = Debug|iPhone
		{0B1F7DF5-AA1F-483B-9627-C27AF63DA52A}.Debug|iPhone.Build.0 = Debug|iPhone
		{0B1F7DF5-AA1F-483B-9627-C27AF63DA52A}.Debug|iPhoneSimulator.ActiveCfg = Debug|iPhoneSimulator
		{0B1F7DF5-AA1F-483B-9627-C27AF63DA52A}.Debug|iPhoneSimulator.Build.0 = Debug|iPhoneSimulator
		{0B1F7DF5-AA1F-483B-9627-C27AF63DA52A}.Debug|x64.ActiveCfg = Debug|iPhone
		{0B1F7DF5-AA1F-483B-9627-C27AF63DA52A}.Debug|x86.ActiveCfg = Debug|iPhone
		{0B1F7DF5-AA1F-483B-9627-C27AF63DA52A}.Release|Any CPU.ActiveCfg = Release|iPhone
		{0B1F7DF5-AA1F-483B-9627-C27AF63DA52A}.Release|ARM.ActiveCfg = Release|iPhone
		{0B1F7DF5-AA1F-483B-9627-C27AF63DA52A}.Release|iPhone.ActiveCfg = Release|iPhone
		{0B1F7DF5-AA1F-483B-9627-C27AF63DA52A}.Release|iPhone.Build.0 = Release|iPhone
		{0B1F7DF5-AA1F-483B-9627-C27AF63DA52A}.Release|iPhoneSimulator.ActiveCfg = Release|iPhoneSimulator
		{0B1F7DF5-AA1F-483B-9627-C27AF63DA52A}.Release|iPhoneSimulator.Build.0 = Release|iPhoneSimulator
		{0B1F7DF5-AA1F-483B-9627-C27AF63DA52A}.Release|x64.ActiveCfg = Release|iPhone
		{0B1F7DF5-AA1F-483B-9627-C27AF63DA52A}.Release|x86.ActiveCfg = Release|iPhone
	EndGlobalSection
	GlobalSection(SolutionProperties) = preSolution
		HideSolutionNode = FALSE
	EndGlobalSection
EndGlobal
